<Solution>
  <Folder Name="/src/">
    <Project Path="src/Fake4Dataverse/Fake4Dataverse.csproj" />
    <Project Path="src/Fake4Dataverse.Moq/Fake4Dataverse.Moq.csproj" />
    <Project Path="src/Fake4Dataverse.FluentAssertions/Fake4Dataverse.FluentAssertions.csproj" />
    <Project Path="src/Fake4Dataverse.EarlyBound/Fake4Dataverse.EarlyBound.csproj" />
    <Project Path="src/Fake4Dataverse.DataProviders/Fake4Dataverse.DataProviders.csproj" />
  </Folder>
  <Folder Name="/tests/">
    <Project Path="tests/Fake4Dataverse.Tests/Fake4Dataverse.Tests.csproj" />
  </Folder>
  <Folder Name="/benchmarks/">
    <Project Path="benchmarks/Fake4Dataverse.Benchmarks/Fake4Dataverse.Benchmarks.csproj" />
  </Folder>
  <Folder Name="/samples/">
    <Project Path="samples/Fake4Dataverse.Samples/Fake4Dataverse.Samples.csproj" />
  </Folder>
</Solution>
